
Microsoft Visual Studio Solution File, Format Version 12.00
# Visual Studio Version 17
VisualStudioVersion = 17.8.34330.188
MinimumVisualStudioVersion = 10.0.40219.1
Project("{9A19103F-16F7-4668-BE54-9A1E7A4F7556}") = "demo", "demo\demo.csproj", "{AB717BDB-6555-44AA-A367-0EC05A13E8F0}"
EndProject
Project("{9A19103F-16F7-4668-BE54-9A1E7A4F7556}") = "Gradio.Net", "Gradio.Net\Gradio.Net.csproj", "{9E717197-6897-4C77-87D4-1C3161A4C6BD}"
EndProject
Project("{2150E333-8FDC-42A3-9474-1A3956D46DE8}") = "Solution Items", "Solution Items", "{B9049476-4AC5-4960-A33D-472400F5E820}"
	ProjectSection(SolutionItems) = preProject
		LICENSE = LICENSE
		README.md = README.md
	EndProjectSection
EndProject
Project("{2150E333-8FDC-42A3-9474-1A3956D46DE8}") = ".github", ".github", "{27EAD232-B473-497C-9475-6F3873026A90}"
EndProject
Project("{2150E333-8FDC-42A3-9474-1A3956D46DE8}") = "workflows", "workflows", "{141EB74D-8960-4465-879A-69618C24D710}"
	ProjectSection(SolutionItems) = preProject
		.github\workflows\deploy-nuget.yml = .github\workflows\deploy-nuget.yml
	EndProjectSection
EndProject
Global
	GlobalSection(SolutionConfigurationPlatforms) = preSolution
		Debug|Any CPU = Debug|Any CPU
		Release|Any CPU = Release|Any CPU
	EndGlobalSection
	GlobalSection(ProjectConfigurationPlatforms) = postSolution
		{AB717BDB-6555-44AA-A367-0EC05A13E8F0}.Debug|Any CPU.ActiveCfg = Debug|Any CPU
		{AB717BDB-6555-44AA-A367-0EC05A13E8F0}.Debug|Any CPU.Build.0 = Debug|Any CPU
		{AB717BDB-6555-44AA-A367-0EC05A13E8F0}.Release|Any CPU.ActiveCfg = Release|Any CPU
		{AB717BDB-6555-44AA-A367-0EC05A13E8F0}.Release|Any CPU.Build.0 = Release|Any CPU
		{9E717197-6897-4C77-87D4-1C3161A4C6BD}.Debug|Any CPU.ActiveCfg = Debug|Any CPU
		{9E717197-6897-4C77-87D4-1C3161A4C6BD}.Debug|Any CPU.Build.0 = Debug|Any CPU
		{9E717197-6897-4C77-87D4-1C3161A4C6BD}.Release|Any CPU.ActiveCfg = Release|Any CPU
		{9E717197-6897-4C77-87D4-1C3161A4C6BD}.Release|Any CPU.Build.0 = Release|Any CPU
	EndGlobalSection
	GlobalSection(SolutionProperties) = preSolution
		HideSolutionNode = FALSE
	EndGlobalSection
	GlobalSection(NestedProjects) = preSolution
		{27EAD232-B473-497C-9475-6F3873026A90} = {B9049476-4AC5-4960-A33D-472400F5E820}
		{141EB74D-8960-4465-879A-69618C24D710} = {27EAD232-B473-497C-9475-6F3873026A90}
	EndGlobalSection
	GlobalSection(ExtensibilityGlobals) = postSolution
		SolutionGuid = {A68FA315-516B-4431-9B4B-E2C75C3D527E}
	EndGlobalSection
EndGlobal
